
Microsoft Visual Studio Solution File, Format Version 12.00
# Visual Studio Version 17
VisualStudioVersion = 17.6.33815.320
MinimumVisualStudioVersion = 10.0.40219.1
Project("{9A19103F-16F7-4668-BE54-9A1E7A4F7556}") = "AdventOfCodeDay1", "AdventOfCodeDay1\AdventOfCodeDay1.csproj", "{799A49F0-28DF-4832-ACE6-C8BB50BDA892}"
EndProject
Project("{9A19103F-16F7-4668-BE54-9A1E7A4F7556}") = "AdventOfCodeDay2", "AdventOfCodeDay2\AdventOfCodeDay2.csproj", "{1A939E92-C269-4C58-AB0A-89D9E3DFE5CD}"
EndProject
Project("{9A19103F-16F7-4668-BE54-9A1E7A4F7556}") = "AdventOfCodeDay3", "AdventOfCodeDay3\AdventOfCodeDay3.csproj", "{B2B1968F-FB6D-4C22-B605-4A6AFCAB4093}"
EndProject
Project("{FAE04EC0-301F-11D3-BF4B-00C04F79EFBC}") = "AdventOfCodeDay4", "AdventOfCodeDay4\AdventOfCodeDay4.csproj", "{1B4F95F9-5ABF-43CF-B8DD-9FA70A5EE00A}"
EndProject
Global
	GlobalSection(SolutionConfigurationPlatforms) = preSolution
		Debug|Any CPU = Debug|Any CPU
		Release|Any CPU = Release|Any CPU
	EndGlobalSection
	GlobalSection(ProjectConfigurationPlatforms) = postSolution
		{799A49F0-28DF-4832-ACE6-C8BB50BDA892}.Debug|Any CPU.ActiveCfg = Debug|Any CPU
		{799A49F0-28DF-4832-ACE6-C8BB50BDA892}.Debug|Any CPU.Build.0 = Debug|Any CPU
		{799A49F0-28DF-4832-ACE6-C8BB50BDA892}.Release|Any CPU.ActiveCfg = Release|Any CPU
		{799A49F0-28DF-4832-ACE6-C8BB50BDA892}.Release|Any CPU.Build.0 = Release|Any CPU
		{1A939E92-C269-4C58-AB0A-89D9E3DFE5CD}.Debug|Any CPU.ActiveCfg = Debug|Any CPU
		{1A939E92-C269-4C58-AB0A-89D9E3DFE5CD}.Debug|Any CPU.Build.0 = Debug|Any CPU
		{1A939E92-C269-4C58-AB0A-89D9E3DFE5CD}.Release|Any CPU.ActiveCfg = Release|Any CPU
		{1A939E92-C269-4C58-AB0A-89D9E3DFE5CD}.Release|Any CPU.Build.0 = Release|Any CPU
		{B2B1968F-FB6D-4C22-B605-4A6AFCAB4093}.Debug|Any CPU.ActiveCfg = Debug|Any CPU
		{B2B1968F-FB6D-4C22-B605-4A6AFCAB4093}.Debug|Any CPU.Build.0 = Debug|Any CPU
		{B2B1968F-FB6D-4C22-B605-4A6AFCAB4093}.Release|Any CPU.ActiveCfg = Release|Any CPU
		{B2B1968F-FB6D-4C22-B605-4A6AFCAB4093}.Release|Any CPU.Build.0 = Release|Any CPU
		{1B4F95F9-5ABF-43CF-B8DD-9FA70A5EE00A}.Debug|Any CPU.ActiveCfg = Debug|Any CPU
		{1B4F95F9-5ABF-43CF-B8DD-9FA70A5EE00A}.Debug|Any CPU.Build.0 = Debug|Any CPU
		{1B4F95F9-5ABF-43CF-B8DD-9FA70A5EE00A}.Release|Any CPU.ActiveCfg = Release|Any CPU
		{1B4F95F9-5ABF-43CF-B8DD-9FA70A5EE00A}.Release|Any CPU.Build.0 = Release|Any CPU
	EndGlobalSection
	GlobalSection(SolutionProperties) = preSolution
		HideSolutionNode = FALSE
	EndGlobalSection
	GlobalSection(ExtensibilityGlobals) = postSolution
		SolutionGuid = {D5C7DD9F-486D-40E8-8F3C-0AA5EC9A1E69}
	EndGlobalSection
EndGlobal
